
Microsoft Visual Studio Solution File, Format Version 12.00
# Visual Studio Version 17
VisualStudioVersion = 17.13.35919.96 d17.13
MinimumVisualStudioVersion = 10.0.40219.1
Project("{FAE04EC0-301F-11D3-BF4B-00C04F79EFBC}") = "EatLogProject", "EatLogProject.csproj", "{A8251E01-B3C0-41F7-9132-FD790AB37627}"
EndProject
Global
	GlobalSection(SolutionConfigurationPlatforms) = preSolution
		Debug|Any CPU = Debug|Any CPU
		Release|Any CPU = Release|Any CPU
	EndGlobalSection
	GlobalSection(ProjectConfigurationPlatforms) = postSolution
		{A8251E01-B3C0-41F7-9132-FD790AB37627}.Debug|Any CPU.ActiveCfg = Debug|Any CPU
		{A8251E01-B3C0-41F7-9132-FD790AB37627}.Debug|Any CPU.Build.0 = Debug|Any CPU
		{A8251E01-B3C0-41F7-9132-FD790AB37627}.Release|Any CPU.ActiveCfg = Release|Any CPU
		{A8251E01-B3C0-41F7-9132-FD790AB37627}.Release|Any CPU.Build.0 = Release|Any CPU
	EndGlobalSection
	GlobalSection(SolutionProperties) = preSolution
		HideSolutionNode = FALSE
	EndGlobalSection
	GlobalSection(ExtensibilityGlobals) = postSolution
		SolutionGuid = {6EC01852-903C-41CC-BF34-7A7EE338E972}
	EndGlobalSection
EndGlobal
